
Microsoft Visual Studio Solution File, Format Version 12.00
# Visual Studio Version 17
VisualStudioVersion = 17.10.35122.118
MinimumVisualStudioVersion = 10.0.40219.1
Project("{9A19103F-16F7-4668-BE54-9A1E7A4F7556}") = "CartService", "CartService\CartService.csproj", "{7B340295-434A-4801-945A-84369AC4CEDD}"
EndProject
Project("{9A19103F-16F7-4668-BE54-9A1E7A4F7556}") = "OrderService", "OrderService\OrderService.csproj", "{27D12608-8811-48F6-B46F-9BE76F2E088C}"
EndProject
Project("{9A19103F-16F7-4668-BE54-9A1E7A4F7556}") = "Shared.Contracts", "Shared.Contracts\Shared.Contracts.csproj", "{8F9A06D3-0516-4E9C-A887-9958D77ABACF}"
EndProject
Project("{2150E333-8FDC-42A3-9474-1A3956D46DE8}") = "Solution Items", "Solution Items", "{DAD8752D-4BC7-442D-B6FA-8FA59A426A09}"
	ProjectSection(SolutionItems) = preProject
		.editorconfig = .editorconfig
		docker-compose.cartservice.yml = docker-compose.cartservice.yml
		docker-compose.orderservice.yml = docker-compose.orderservice.yml
		README.txt = README.txt
	EndProjectSection
EndProject
Global
	GlobalSection(SolutionConfigurationPlatforms) = preSolution
		Debug|Any CPU = Debug|Any CPU
		Release|Any CPU = Release|Any CPU
	EndGlobalSection
	GlobalSection(ProjectConfigurationPlatforms) = postSolution
		{7B340295-434A-4801-945A-84369AC4CEDD}.Debug|Any CPU.ActiveCfg = Debug|Any CPU
		{7B340295-434A-4801-945A-84369AC4CEDD}.Debug|Any CPU.Build.0 = Debug|Any CPU
		{7B340295-434A-4801-945A-84369AC4CEDD}.Release|Any CPU.ActiveCfg = Release|Any CPU
		{7B340295-434A-4801-945A-84369AC4CEDD}.Release|Any CPU.Build.0 = Release|Any CPU
		{27D12608-8811-48F6-B46F-9BE76F2E088C}.Debug|Any CPU.ActiveCfg = Debug|Any CPU
		{27D12608-8811-48F6-B46F-9BE76F2E088C}.Debug|Any CPU.Build.0 = Debug|Any CPU
		{27D12608-8811-48F6-B46F-9BE76F2E088C}.Release|Any CPU.ActiveCfg = Release|Any CPU
		{27D12608-8811-48F6-B46F-9BE76F2E088C}.Release|Any CPU.Build.0 = Release|Any CPU
		{8F9A06D3-0516-4E9C-A887-9958D77ABACF}.Debug|Any CPU.ActiveCfg = Debug|Any CPU
		{8F9A06D3-0516-4E9C-A887-9958D77ABACF}.Debug|Any CPU.Build.0 = Debug|Any CPU
		{8F9A06D3-0516-4E9C-A887-9958D77ABACF}.Release|Any CPU.ActiveCfg = Release|Any CPU
		{8F9A06D3-0516-4E9C-A887-9958D77ABACF}.Release|Any CPU.Build.0 = Release|Any CPU
	EndGlobalSection
	GlobalSection(SolutionProperties) = preSolution
		HideSolutionNode = FALSE
	EndGlobalSection
	GlobalSection(ExtensibilityGlobals) = postSolution
		SolutionGuid = {88246A5F-87F1-48DF-A474-49D38BDAF1C5}
	EndGlobalSection
EndGlobal
